// !$*UTF8*$!
{
	archiveVersion = 1;
	classes = {
	};
	objectVersion = 46;
	objects = {

/* Begin PBXBuildFile section */
		AB25751F1D4B04E8008F3980 /* AppDelegate.swift in Sources */ = {isa = PBXBuildFile; fileRef = AB25751E1D4B04E8008F3980 /* AppDelegate.swift */; };
		AB2575211D4B04E8008F3980 /* ViewController.swift in Sources */ = {isa = PBXBuildFile; fileRef = AB2575201D4B04E8008F3980 /* ViewController.swift */; };
		AB2575241D4B04E8008F3980 /* Main.storyboard in Resources */ = {isa = PBXBuildFile; fileRef = AB2575221D4B04E8008F3980 /* Main.storyboard */; };
		AB2575261D4B04E8008F3980 /* Assets.xcassets in Resources */ = {isa = PBXBuildFile; fileRef = AB2575251D4B04E8008F3980 /* Assets.xcassets */; };
		AB2575291D4B04E8008F3980 /* LaunchScreen.storyboard in Resources */ = {isa = PBXBuildFile; fileRef = AB2575271D4B04E8008F3980 /* LaunchScreen.storyboard */; };
		AB2575381D4B0556008F3980 /* SettingsController.swift in Sources */ = {isa = PBXBuildFile; fileRef = AB2575301D4B0556008F3980 /* SettingsController.swift */; };
		AB2575391D4B0556008F3980 /* FAQController.swift in Sources */ = {isa = PBXBuildFile; fileRef = AB2575311D4B0556008F3980 /* FAQController.swift */; };
		AB25753A1D4B0556008F3980 /* SiniestroController.swift in Sources */ = {isa = PBXBuildFile; fileRef = AB2575321D4B0556008F3980 /* SiniestroController.swift */; };
		AB25753B1D4B0556008F3980 /* mCell.swift in Sources */ = {isa = PBXBuildFile; fileRef = AB2575331D4B0556008F3980 /* mCell.swift */; };
		AB25753C1D4B0556008F3980 /* FoldingCell.swift in Sources */ = {isa = PBXBuildFile; fileRef = AB2575341D4B0556008F3980 /* FoldingCell.swift */; };
		AB25753D1D4B0556008F3980 /* MotoCellTableViewCell.swift in Sources */ = {isa = PBXBuildFile; fileRef = AB2575351D4B0556008F3980 /* MotoCellTableViewCell.swift */; };
		AB25753E1D4B0556008F3980 /* MotosController.swift in Sources */ = {isa = PBXBuildFile; fileRef = AB2575361D4B0556008F3980 /* MotosController.swift */; };
		AB25753F1D4B0556008F3980 /* DF.gpx in Resources */ = {isa = PBXBuildFile; fileRef = AB2575371D4B0556008F3980 /* DF.gpx */; };
		AB2575491D4B0566008F3980 /* PerfilController.swift in Sources */ = {isa = PBXBuildFile; fileRef = AB2575401D4B0566008F3980 /* PerfilController.swift */; };
		AB25754A1D4B0566008F3980 /* UbicacionController.swift in Sources */ = {isa = PBXBuildFile; fileRef = AB2575411D4B0566008F3980 /* UbicacionController.swift */; };
		AB25754B1D4B0566008F3980 /* italikaController.swift in Sources */ = {isa = PBXBuildFile; fileRef = AB2575421D4B0566008F3980 /* italikaController.swift */; };
		AB25754C1D4B0566008F3980 /* HelpCell.swift in Sources */ = {isa = PBXBuildFile; fileRef = AB2575431D4B0566008F3980 /* HelpCell.swift */; };
		AB25754D1D4B0566008F3980 /* MotoDescriptorController.swift in Sources */ = {isa = PBXBuildFile; fileRef = AB2575441D4B0566008F3980 /* MotoDescriptorController.swift */; };
		AB25754E1D4B0566008F3980 /* AyudaController.swift in Sources */ = {isa = PBXBuildFile; fileRef = AB2575451D4B0566008F3980 /* AyudaController.swift */; };
		AB25754F1D4B0566008F3980 /* TiendaController.swift in Sources */ = {isa = PBXBuildFile; fileRef = AB2575461D4B0566008F3980 /* TiendaController.swift */; };
		AB2575501D4B0566008F3980 /* PromocionesController.swift in Sources */ = {isa = PBXBuildFile; fileRef = AB2575471D4B0566008F3980 /* PromocionesController.swift */; };
		AB2575511D4B0566008F3980 /* MapaController.swift in Sources */ = {isa = PBXBuildFile; fileRef = AB2575481D4B0566008F3980 /* MapaController.swift */; };
		AB2575541D4B0585008F3980 /* MenuController.swift in Sources */ = {isa = PBXBuildFile; fileRef = AB2575521D4B0585008F3980 /* MenuController.swift */; };
		AB2575551D4B0585008F3980 /* HomeController.swift in Sources */ = {isa = PBXBuildFile; fileRef = AB2575531D4B0585008F3980 /* HomeController.swift */; };
		AB2575571D4B0598008F3980 /* PromoView.swift in Sources */ = {isa = PBXBuildFile; fileRef = AB2575561D4B0598008F3980 /* PromoView.swift */; };
/* End PBXBuildFile section */

/* Begin PBXFileReference section */
		AB25751B1D4B04E8008F3980 /* ITALIKA.app */ = {isa = PBXFileReference; explicitFileType = wrapper.application; includeInIndex = 0; path = ITALIKA.app; sourceTree = BUILT_PRODUCTS_DIR; };
		AB25751E1D4B04E8008F3980 /* AppDelegate.swift */ = {isa = PBXFileReference; lastKnownFileType = sourcecode.swift; path = AppDelegate.swift; sourceTree = "<group>"; };
		AB2575201D4B04E8008F3980 /* ViewController.swift */ = {isa = PBXFileReference; lastKnownFileType = sourcecode.swift; path = ViewController.swift; sourceTree = "<group>"; };
		AB2575231D4B04E8008F3980 /* Base */ = {isa = PBXFileReference; lastKnownFileType = file.storyboard; name = Base; path = Base.lproj/Main.storyboard; sourceTree = "<group>"; };
		AB2575251D4B04E8008F3980 /* Assets.xcassets */ = {isa = PBXFileReference; lastKnownFileType = folder.assetcatalog; path = Assets.xcassets; sourceTree = "<group>"; };
		AB2575281D4B04E8008F3980 /* Base */ = {isa = PBXFileReference; lastKnownFileType = file.storyboard; name = Base; path = Base.lproj/LaunchScreen.storyboard; sourceTree = "<group>"; };
		AB25752A1D4B04E8008F3980 /* Info.plist */ = {isa = PBXFileReference; lastKnownFileType = text.plist.xml; path = Info.plist; sourceTree = "<group>"; };
		AB2575301D4B0556008F3980 /* SettingsController.swift */ = {isa = PBXFileReference; fileEncoding = 4; lastKnownFileType = sourcecode.swift; path = SettingsController.swift; sourceTree = "<group>"; };
		AB2575311D4B0556008F3980 /* FAQController.swift */ = {isa = PBXFileReference; fileEncoding = 4; lastKnownFileType = sourcecode.swift; path = FAQController.swift; sourceTree = "<group>"; };
		AB2575321D4B0556008F3980 /* SiniestroController.swift */ = {isa = PBXFileReference; fileEncoding = 4; lastKnownFileType = sourcecode.swift; path = SiniestroController.swift; sourceTree = "<group>"; };
		AB2575331D4B0556008F3980 /* mCell.swift */ = {isa = PBXFileReference; fileEncoding = 4; lastKnownFileType = sourcecode.swift; path = mCell.swift; sourceTree = "<group>"; };
		AB2575341D4B0556008F3980 /* FoldingCell.swift */ = {isa = PBXFileReference; fileEncoding = 4; lastKnownFileType = sourcecode.swift; path = FoldingCell.swift; sourceTree = "<group>"; };
		AB2575351D4B0556008F3980 /* MotoCellTableViewCell.swift */ = {isa = PBXFileReference; fileEncoding = 4; lastKnownFileType = sourcecode.swift; path = MotoCellTableViewCell.swift; sourceTree = "<group>"; };
		AB2575361D4B0556008F3980 /* MotosController.swift */ = {isa = PBXFileReference; fileEncoding = 4; lastKnownFileType = sourcecode.swift; path = MotosController.swift; sourceTree = "<group>"; };
		AB2575371D4B0556008F3980 /* DF.gpx */ = {isa = PBXFileReference; fileEncoding = 4; lastKnownFileType = text.xml; path = DF.gpx; sourceTree = "<group>"; };
		AB2575401D4B0566008F3980 /* PerfilController.swift */ = {isa = PBXFileReference; fileEncoding = 4; lastKnownFileType = sourcecode.swift; path = PerfilController.swift; sourceTree = "<group>"; };
		AB2575411D4B0566008F3980 /* UbicacionController.swift */ = {isa = PBXFileReference; fileEncoding = 4; lastKnownFileType = sourcecode.swift; path = UbicacionController.swift; sourceTree = "<group>"; };
		AB2575421D4B0566008F3980 /* italikaController.swift */ = {isa = PBXFileReference; fileEncoding = 4; lastKnownFileType = sourcecode.swift; path = italikaController.swift; sourceTree = "<group>"; };
		AB2575431D4B0566008F3980 /* HelpCell.swift */ = {isa = PBXFileReference; fileEncoding = 4; lastKnownFileType = sourcecode.swift; path = HelpCell.swift; sourceTree = "<group>"; };
		AB2575441D4B0566008F3980 /* MotoDescriptorController.swift */ = {isa = PBXFileReference; fileEncoding = 4; lastKnownFileType = sourcecode.swift; path = MotoDescriptorController.swift; sourceTree = "<group>"; };
		AB2575451D4B0566008F3980 /* AyudaController.swift */ = {isa = PBXFileReference; fileEncoding = 4; lastKnownFileType = sourcecode.swift; path = AyudaController.swift; sourceTree = "<group>"; };
		AB2575461D4B0566008F3980 /* TiendaController.swift */ = {isa = PBXFileReference; fileEncoding = 4; lastKnownFileType = sourcecode.swift; path = TiendaController.swift; sourceTree = "<group>"; };
		AB2575471D4B0566008F3980 /* PromocionesController.swift */ = {isa = PBXFileReference; fileEncoding = 4; lastKnownFileType = sourcecode.swift; path = PromocionesController.swift; sourceTree = "<group>"; };
		AB2575481D4B0566008F3980 /* MapaController.swift */ = {isa = PBXFileReference; fileEncoding = 4; lastKnownFileType = sourcecode.swift; path = MapaController.swift; sourceTree = "<group>"; };
		AB2575521D4B0585008F3980 /* MenuController.swift */ = {isa = PBXFileReference; fileEncoding = 4; lastKnownFileType = sourcecode.swift; path = MenuController.swift; sourceTree = "<group>"; };
		AB2575531D4B0585008F3980 /* HomeController.swift */ = {isa = PBXFileReference; fileEncoding = 4; lastKnownFileType = sourcecode.swift; path = HomeController.swift; sourceTree = "<group>"; };
		AB2575561D4B0598008F3980 /* PromoView.swift */ = {isa = PBXFileReference; fileEncoding = 4; lastKnownFileType = sourcecode.swift; path = PromoView.swift; sourceTree = "<group>"; };
		AB2575581D4B0688008F3980 /* ITALIKA-Bridging-Header.h */ = {isa = PBXFileReference; lastKnownFileType = sourcecode.c.h; path = "ITALIKA-Bridging-Header.h"; sourceTree = "<group>"; };
/* End PBXFileReference section */

/* Begin PBXFrameworksBuildPhase section */
		AB2575181D4B04E8008F3980 /* Frameworks */ = {
			isa = PBXFrameworksBuildPhase;
			buildActionMask = 2147483647;
			files = (
			);
			runOnlyForDeploymentPostprocessing = 0;
		};
/* End PBXFrameworksBuildPhase section */

/* Begin PBXGroup section */
		AB2575121D4B04E8008F3980 = {
			isa = PBXGroup;
			children = (
				AB2575301D4B0556008F3980 /* SettingsController.swift */,
				AB2575311D4B0556008F3980 /* FAQController.swift */,
				AB2575321D4B0556008F3980 /* SiniestroController.swift */,
				AB2575331D4B0556008F3980 /* mCell.swift */,
				AB2575341D4B0556008F3980 /* FoldingCell.swift */,
				AB2575351D4B0556008F3980 /* MotoCellTableViewCell.swift */,
				AB2575361D4B0556008F3980 /* MotosController.swift */,
				AB2575371D4B0556008F3980 /* DF.gpx */,
				AB25751D1D4B04E8008F3980 /* ITALIKA */,
				AB25751C1D4B04E8008F3980 /* Products */,
			);
			sourceTree = "<group>";
		};
		AB25751C1D4B04E8008F3980 /* Products */ = {
			isa = PBXGroup;
			children = (
				AB25751B1D4B04E8008F3980 /* ITALIKA.app */,
			);
			name = Products;
			sourceTree = "<group>";
		};
		AB25751D1D4B04E8008F3980 /* ITALIKA */ = {
			isa = PBXGroup;
			children = (
				AB2575401D4B0566008F3980 /* PerfilController.swift */,
				AB2575411D4B0566008F3980 /* UbicacionController.swift */,
				AB2575421D4B0566008F3980 /* italikaController.swift */,
				AB2575431D4B0566008F3980 /* HelpCell.swift */,
				AB2575441D4B0566008F3980 /* MotoDescriptorController.swift */,
				AB2575451D4B0566008F3980 /* AyudaController.swift */,
				AB2575461D4B0566008F3980 /* TiendaController.swift */,
				AB2575471D4B0566008F3980 /* PromocionesController.swift */,
				AB2575481D4B0566008F3980 /* MapaController.swift */,
				AB25751E1D4B04E8008F3980 /* AppDelegate.swift */,
				AB2575521D4B0585008F3980 /* MenuController.swift */,
				AB2575531D4B0585008F3980 /* HomeController.swift */,
				AB2575201D4B04E8008F3980 /* ViewController.swift */,
				AB2575221D4B04E8008F3980 /* Main.storyboard */,
				AB2575561D4B0598008F3980 /* PromoView.swift */,
				AB2575251D4B04E8008F3980 /* Assets.xcassets */,
				AB2575271D4B04E8008F3980 /* LaunchScreen.storyboard */,
				AB25752A1D4B04E8008F3980 /* Info.plist */,
				AB2575581D4B0688008F3980 /* ITALIKA-Bridging-Header.h */,
			);
			path = ITALIKA;
			sourceTree = "<group>";
		};
/* End PBXGroup section */

/* Begin PBXNativeTarget section */
		AB25751A1D4B04E8008F3980 /* ITALIKA */ = {
			isa = PBXNativeTarget;
			buildConfigurationList = AB25752D1D4B04E8008F3980 /* Build configuration list for PBXNativeTarget "ITALIKA" */;
			buildPhases = (
				AB2575171D4B04E8008F3980 /* Sources */,
				AB2575181D4B04E8008F3980 /* Frameworks */,
				AB2575191D4B04E8008F3980 /* Resources */,
			);
			buildRules = (
			);
			dependencies = (
			);
			name = ITALIKA;
			productName = ITALIKA;
			productReference = AB25751B1D4B04E8008F3980 /* ITALIKA.app */;
			productType = "com.apple.product-type.application";
		};
/* End PBXNativeTarget section */

/* Begin PBXProject section */
		AB2575131D4B04E8008F3980 /* Project object */ = {
			isa = PBXProject;
			attributes = {
				LastSwiftUpdateCheck = 0730;
				LastUpgradeCheck = 0730;
				ORGANIZATIONNAME = Siker;
				TargetAttributes = {
					AB25751A1D4B04E8008F3980 = {
						CreatedOnToolsVersion = 7.3.1;
					};
				};
			};
			buildConfigurationList = AB2575161D4B04E8008F3980 /* Build configuration list for PBXProject "ITALIKA" */;
			compatibilityVersion = "Xcode 3.2";
			developmentRegion = English;
			hasScannedForEncodings = 0;
			knownRegions = (
				en,
				Base,
			);
			mainGroup = AB2575121D4B04E8008F3980;
			productRefGroup = AB25751C1D4B04E8008F3980 /* Products */;
			projectDirPath = "";
			projectRoot = "";
			targets = (
				AB25751A1D4B04E8008F3980 /* ITALIKA */,
			);
		};
/* End PBXProject section */

/* Begin PBXResourcesBuildPhase section */
		AB2575191D4B04E8008F3980 /* Resources */ = {
			isa = PBXResourcesBuildPhase;
			buildActionMask = 2147483647;
			files = (
				AB2575291D4B04E8008F3980 /* LaunchScreen.storyboard in Resources */,
				AB25753F1D4B0556008F3980 /* DF.gpx in Resources */,
				AB2575261D4B04E8008F3980 /* Assets.xcassets in Resources */,
				AB2575241D4B04E8008F3980 /* Main.storyboard in Resources */,
			);
			runOnlyForDeploymentPostprocessing = 0;
		};
/* End PBXResourcesBuildPhase section */

/* Begin PBXSourcesBuildPhase section */
		AB2575171D4B04E8008F3980 /* Sources */ = {
			isa = PBXSourcesBuildPhase;
			buildActionMask = 2147483647;
			files = (
				AB2575571D4B0598008F3980 /* PromoView.swift in Sources */,
				AB25753D1D4B0556008F3980 /* MotoCellTableViewCell.swift in Sources */,
				AB25754B1D4B0566008F3980 /* italikaController.swift in Sources */,
				AB2575511D4B0566008F3980 /* MapaController.swift in Sources */,
				AB25754A1D4B0566008F3980 /* UbicacionController.swift in Sources */,
				AB2575551D4B0585008F3980 /* HomeController.swift in Sources */,
				AB2575541D4B0585008F3980 /* MenuController.swift in Sources */,
				AB2575381D4B0556008F3980 /* SettingsController.swift in Sources */,
				AB25753C1D4B0556008F3980 /* FoldingCell.swift in Sources */,
				AB25754C1D4B0566008F3980 /* HelpCell.swift in Sources */,
				AB2575501D4B0566008F3980 /* PromocionesController.swift in Sources */,
				AB25753B1D4B0556008F3980 /* mCell.swift in Sources */,
				AB25754D1D4B0566008F3980 /* MotoDescriptorController.swift in Sources */,
				AB2575211D4B04E8008F3980 /* ViewController.swift in Sources */,
				AB25753A1D4B0556008F3980 /* SiniestroController.swift in Sources */,
				AB25754F1D4B0566008F3980 /* TiendaController.swift in Sources */,
				AB2575391D4B0556008F3980 /* FAQController.swift in Sources */,
				AB25753E1D4B0556008F3980 /* MotosController.swift in Sources */,
				AB25754E1D4B0566008F3980 /* AyudaController.swift in Sources */,
				AB25751F1D4B04E8008F3980 /* AppDelegate.swift in Sources */,
				AB2575491D4B0566008F3980 /* PerfilController.swift in Sources */,
			);
			runOnlyForDeploymentPostprocessing = 0;
		};
/* End PBXSourcesBuildPhase section */

/* Begin PBXVariantGroup section */
		AB2575221D4B04E8008F3980 /* Main.storyboard */ = {
			isa = PBXVariantGroup;
			children = (
				AB2575231D4B04E8008F3980 /* Base */,
			);
			name = Main.storyboard;
			sourceTree = "<group>";
		};
		AB2575271D4B04E8008F3980 /* LaunchScreen.storyboard */ = {
			isa = PBXVariantGroup;
			children = (
				AB2575281D4B04E8008F3980 /* Base */,
			);
			name = LaunchScreen.storyboard;
			sourceTree = "<group>";
		};
/* End PBXVariantGroup section */

/* Begin XCBuildConfiguration section */
		AB25752B1D4B04E8008F3980 /* Debug */ = {
			isa = XCBuildConfiguration;
			buildSettings = {
				ALWAYS_SEARCH_USER_PATHS = NO;
				CLANG_ANALYZER_NONNULL = YES;
				CLANG_CXX_LANGUAGE_STANDARD = "gnu++0x";
				CLANG_CXX_LIBRARY = "libc++";
				CLANG_ENABLE_MODULES = YES;
				CLANG_ENABLE_OBJC_ARC = YES;
				CLANG_WARN_BOOL_CONVERSION = YES;
				CLANG_WARN_CONSTANT_CONVERSION = YES;
				CLANG_WARN_DIRECT_OBJC_ISA_USAGE = YES_ERROR;
				CLANG_WARN_EMPTY_BODY = YES;
				CLANG_WARN_ENUM_CONVERSION = YES;
				CLANG_WARN_INT_CONVERSION = YES;
				CLANG_WARN_OBJC_ROOT_CLASS = YES_ERROR;
				CLANG_WARN_UNREACHABLE_CODE = YES;
				CLANG_WARN__DUPLICATE_METHOD_MATCH = YES;
				"CODE_SIGN_IDENTITY[sdk=iphoneos*]" = "iPhone Developer";
				COPY_PHASE_STRIP = NO;
				DEBUG_INFORMATION_FORMAT = dwarf;
				ENABLE_STRICT_OBJC_MSGSEND = YES;
				ENABLE_TESTABILITY = YES;
				GCC_C_LANGUAGE_STANDARD = gnu99;
				GCC_DYNAMIC_NO_PIC = NO;
				GCC_NO_COMMON_BLOCKS = YES;
				GCC_OPTIMIZATION_LEVEL = 0;
				GCC_PREPROCESSOR_DEFINITIONS = (
					"DEBUG=1",
					"$(inherited)",
				);
				GCC_WARN_64_TO_32_BIT_CONVERSION = YES;
				GCC_WARN_ABOUT_RETURN_TYPE = YES_ERROR;
				GCC_WARN_UNDECLARED_SELECTOR = YES;
				GCC_WARN_UNINITIALIZED_AUTOS = YES_AGGRESSIVE;
				GCC_WARN_UNUSED_FUNCTION = YES;
				GCC_WARN_UNUSED_VARIABLE = YES;
				IPHONEOS_DEPLOYMENT_TARGET = 9.3;
				MTL_ENABLE_DEBUG_INFO = YES;
				ONLY_ACTIVE_ARCH = YES;
				SDKROOT = iphoneos;
				SWIFT_OPTIMIZATION_LEVEL = "-Onone";
			};
			name = Debug;
		};
		AB25752C1D4B04E8008F3980 /* Release */ = {
			isa = XCBuildConfiguration;
			buildSettings = {
				ALWAYS_SEARCH_USER_PATHS = NO;
				CLANG_ANALYZER_NONNULL = YES;
				CLANG_CXX_LANGUAGE_STANDARD = "gnu++0x";
				CLANG_CXX_LIBRARY = "libc++";
				CLANG_ENABLE_MODULES = YES;
				CLANG_ENABLE_OBJC_ARC = YES;
				CLANG_WARN_BOOL_CONVERSION = YES;
				CLANG_WARN_CONSTANT_CONVERSION = YES;
				CLANG_WARN_DIRECT_OBJC_ISA_USAGE = YES_ERROR;
				CLANG_WARN_EMPTY_BODY = YES;
				CLANG_WARN_ENUM_CONVERSION = YES;
				CLANG_WARN_INT_CONVERSION = YES;
				CLANG_WARN_OBJC_ROOT_CLASS = YES_ERROR;
				CLANG_WARN_UNREACHABLE_CODE = YES;
				CLANG_WARN__DUPLICATE_METHOD_MATCH = YES;
				"CODE_SIGN_IDENTITY[sdk=iphoneos*]" = "iPhone Developer";
				COPY_PHASE_STRIP = NO;
				DEBUG_INFORMATION_FORMAT = "dwarf-with-dsym";
				ENABLE_NS_ASSERTIONS = NO;
				ENABLE_STRICT_OBJC_MSGSEND = YES;
				GCC_C_LANGUAGE_STANDARD = gnu99;
				GCC_NO_COMMON_BLOCKS = YES;
				GCC_WARN_64_TO_32_BIT_CONVERSION = YES;
				GCC_WARN_ABOUT_RETURN_TYPE = YES_ERROR;
				GCC_WARN_UNDECLARED_SELECTOR = YES;
				GCC_WARN_UNINITIALIZED_AUTOS = YES_AGGRESSIVE;
				GCC_WARN_UNUSED_FUNCTION = YES;
				GCC_WARN_UNUSED_VARIABLE = YES;
				IPHONEOS_DEPLOYMENT_TARGET = 9.3;
				MTL_ENABLE_DEBUG_INFO = NO;
				SDKROOT = iphoneos;
				VALIDATE_PRODUCT = YES;
			};
			name = Release;
		};
		AB25752E1D4B04E8008F3980 /* Debug */ = {
			isa = XCBuildConfiguration;
			buildSettings = {
				ASSETCATALOG_COMPILER_APPICON_NAME = AppIcon;
				CLANG_ENABLE_MODULES = YES;
				INFOPLIST_FILE = ITALIKA/Info.plist;
				LD_RUNPATH_SEARCH_PATHS = "$(inherited) @executable_path/Frameworks";
				PRODUCT_BUNDLE_IDENTIFIER = siker.space.ITALIKA;
				PRODUCT_NAME = "$(TARGET_NAME)";
				SWIFT_OBJC_BRIDGING_HEADER = "ITALIKA/ITALIKA-Bridging-Header.h";
				SWIFT_OPTIMIZATION_LEVEL = "-Onone";
			};
			name = Debug;
		};
		AB25752F1D4B04E8008F3980 /* Release */ = {
			isa = XCBuildConfiguration;
			buildSettings = {
				ASSETCATALOG_COMPILER_APPICON_NAME = AppIcon;
				CLANG_ENABLE_MODULES = YES;
				INFOPLIST_FILE = ITALIKA/Info.plist;
				LD_RUNPATH_SEARCH_PATHS = "$(inherited) @executable_path/Frameworks";
				PRODUCT_BUNDLE_IDENTIFIER = siker.space.ITALIKA;
				PRODUCT_NAME = "$(TARGET_NAME)";
				SWIFT_OBJC_BRIDGING_HEADER = "ITALIKA/ITALIKA-Bridging-Header.h";
			};
			name = Release;
		};
/* End XCBuildConfiguration section */

/* Begin XCConfigurationList section */
		AB2575161D4B04E8008F3980 /* Build configuration list for PBXProject "ITALIKA" */ = {
			isa = XCConfigurationList;
			buildConfigurations = (
				AB25752B1D4B04E8008F3980 /* Debug */,
				AB25752C1D4B04E8008F3980 /* Release */,
			);
			defaultConfigurationIsVisible = 0;
			defaultConfigurationName = Release;
		};
		AB25752D1D4B04E8008F3980 /* Build configuration list for PBXNativeTarget "ITALIKA" */ = {
			isa = XCConfigurationList;
			buildConfigurations = (
				AB25752E1D4B04E8008F3980 /* Debug */,
				AB25752F1D4B04E8008F3980 /* Release */,
			);
			defaultConfigurationIsVisible = 0;
			defaultConfigurationName = Release;
		};
/* End XCConfigurationList section */
	};
	rootObject = AB2575131D4B04E8008F3980 /* Project object */;
}
